
Microsoft Visual Studio Solution File, Format Version 12.00
# Visual Studio Version 17
VisualStudioVersion = 17.14.36616.10 d17.14
MinimumVisualStudioVersion = 10.0.40219.1
Project("{FAE04EC0-301F-11D3-BF4B-00C04F79EFBC}") = "ConsoleApp1", "ConsoleApp1.csproj", "{CA59CEA4-73A1-44AD-8163-C132D3DC3DCF}"
EndProject
Global
	GlobalSection(SolutionConfigurationPlatforms) = preSolution
		Debug|Any CPU = Debug|Any CPU
		Release|Any CPU = Release|Any CPU
	EndGlobalSection
	GlobalSection(ProjectConfigurationPlatforms) = postSolution
		{CA59CEA4-73A1-44AD-8163-C132D3DC3DCF}.Debug|Any CPU.ActiveCfg = Debug|Any CPU
		{CA59CEA4-73A1-44AD-8163-C132D3DC3DCF}.Debug|Any CPU.Build.0 = Debug|Any CPU
		{CA59CEA4-73A1-44AD-8163-C132D3DC3DCF}.Release|Any CPU.ActiveCfg = Release|Any CPU
		{CA59CEA4-73A1-44AD-8163-C132D3DC3DCF}.Release|Any CPU.Build.0 = Release|Any CPU
	EndGlobalSection
	GlobalSection(SolutionProperties) = preSolution
		HideSolutionNode = FALSE
	EndGlobalSection
	GlobalSection(ExtensibilityGlobals) = postSolution
		SolutionGuid = {A9920C4C-1F17-424F-B939-766143D7A1AA}
	EndGlobalSection
EndGlobal
