
Microsoft Visual Studio Solution File, Format Version 12.00
# Visual Studio Version 17
VisualStudioVersion = 17.14.36616.10 d17.14
MinimumVisualStudioVersion = 10.0.40219.1
Project("{FAE04EC0-301F-11D3-BF4B-00C04F79EFBC}") = "ConsoleApp2", "ConsoleApp2\ConsoleApp2.csproj", "{11F37592-DC00-459F-9501-C6B3CF9AB435}"
EndProject
Global
	GlobalSection(SolutionConfigurationPlatforms) = preSolution
		Debug|Any CPU = Debug|Any CPU
		Release|Any CPU = Release|Any CPU
	EndGlobalSection
	GlobalSection(ProjectConfigurationPlatforms) = postSolution
		{11F37592-DC00-459F-9501-C6B3CF9AB435}.Debug|Any CPU.ActiveCfg = Debug|Any CPU
		{11F37592-DC00-459F-9501-C6B3CF9AB435}.Debug|Any CPU.Build.0 = Debug|Any CPU
		{11F37592-DC00-459F-9501-C6B3CF9AB435}.Release|Any CPU.ActiveCfg = Release|Any CPU
		{11F37592-DC00-459F-9501-C6B3CF9AB435}.Release|Any CPU.Build.0 = Release|Any CPU
	EndGlobalSection
	GlobalSection(SolutionProperties) = preSolution
		HideSolutionNode = FALSE
	EndGlobalSection
	GlobalSection(ExtensibilityGlobals) = postSolution
		SolutionGuid = {CBF91540-E969-4FAD-81A0-F9468E306272}
	EndGlobalSection
EndGlobal
